// !$*UTF8*$!
{
	archiveVersion = 1;
	classes = {
	};
	objectVersion = 50;
	objects = {

/* Begin PBXBuildFile section */
		353F346D25EEC466003AEC00 /* Student_AppApp.swift in Sources */ = {isa = PBXBuildFile; fileRef = 353F345A25EEC465003AEC00 /* Student_AppApp.swift */; };
		353F346E25EEC466003AEC00 /* Student_AppApp.swift in Sources */ = {isa = PBXBuildFile; fileRef = 353F345A25EEC465003AEC00 /* Student_AppApp.swift */; };
		353F346F25EEC466003AEC00 /* ContentView.swift in Sources */ = {isa = PBXBuildFile; fileRef = 353F345B25EEC465003AEC00 /* ContentView.swift */; };
		353F347025EEC466003AEC00 /* ContentView.swift in Sources */ = {isa = PBXBuildFile; fileRef = 353F345B25EEC465003AEC00 /* ContentView.swift */; };
		353F347125EEC466003AEC00 /* Assets.xcassets in Resources */ = {isa = PBXBuildFile; fileRef = 353F345C25EEC466003AEC00 /* Assets.xcassets */; };
		353F347225EEC466003AEC00 /* Assets.xcassets in Resources */ = {isa = PBXBuildFile; fileRef = 353F345C25EEC466003AEC00 /* Assets.xcassets */; };
		353F348325EEC80E003AEC00 /* Student.swift in Sources */ = {isa = PBXBuildFile; fileRef = 353F348225EEC80E003AEC00 /* Student.swift */; };
		353F348425EEC80E003AEC00 /* Student.swift in Sources */ = {isa = PBXBuildFile; fileRef = 353F348225EEC80E003AEC00 /* Student.swift */; };
		353F348825EEC84A003AEC00 /* StudentListItem.swift in Sources */ = {isa = PBXBuildFile; fileRef = 353F348725EEC84A003AEC00 /* StudentListItem.swift */; };
		353F348925EEC84A003AEC00 /* StudentListItem.swift in Sources */ = {isa = PBXBuildFile; fileRef = 353F348725EEC84A003AEC00 /* StudentListItem.swift */; };
		353F349425EF053D003AEC00 /* StudentList.swift in Sources */ = {isa = PBXBuildFile; fileRef = 353F349325EF053D003AEC00 /* StudentList.swift */; };
		353F349525EF053D003AEC00 /* StudentList.swift in Sources */ = {isa = PBXBuildFile; fileRef = 353F349325EF053D003AEC00 /* StudentList.swift */; };
		353F349925EF05AF003AEC00 /* StudentData.swift in Sources */ = {isa = PBXBuildFile; fileRef = 353F349825EF05AF003AEC00 /* StudentData.swift */; };
		353F349A25EF05AF003AEC00 /* StudentData.swift in Sources */ = {isa = PBXBuildFile; fileRef = 353F349825EF05AF003AEC00 /* StudentData.swift */; };
		353F349E25EF05CF003AEC00 /* sImage.swift in Sources */ = {isa = PBXBuildFile; fileRef = 353F349D25EF05CF003AEC00 /* sImage.swift */; };
		353F349F25EF05CF003AEC00 /* sImage.swift in Sources */ = {isa = PBXBuildFile; fileRef = 353F349D25EF05CF003AEC00 /* sImage.swift */; };
		353F34A325EF05F0003AEC00 /* StudentDetail.swift in Sources */ = {isa = PBXBuildFile; fileRef = 353F34A225EF05F0003AEC00 /* StudentDetail.swift */; };
		353F34A425EF05F0003AEC00 /* StudentDetail.swift in Sources */ = {isa = PBXBuildFile; fileRef = 353F34A225EF05F0003AEC00 /* StudentDetail.swift */; };
		353F34A825EF0656003AEC00 /* data.json in Resources */ = {isa = PBXBuildFile; fileRef = 353F34A725EF0656003AEC00 /* data.json */; };
		353F34A925EF0656003AEC00 /* data.json in Resources */ = {isa = PBXBuildFile; fileRef = 353F34A725EF0656003AEC00 /* data.json */; };
/* End PBXBuildFile section */

/* Begin PBXFileReference section */
		353F345A25EEC465003AEC00 /* Student_AppApp.swift */ = {isa = PBXFileReference; lastKnownFileType = sourcecode.swift; path = Student_AppApp.swift; sourceTree = "<group>"; };
		353F345B25EEC465003AEC00 /* ContentView.swift */ = {isa = PBXFileReference; lastKnownFileType = sourcecode.swift; path = ContentView.swift; sourceTree = "<group>"; };
		353F345C25EEC466003AEC00 /* Assets.xcassets */ = {isa = PBXFileReference; lastKnownFileType = folder.assetcatalog; path = Assets.xcassets; sourceTree = "<group>"; };
		353F346125EEC466003AEC00 /* Student App.app */ = {isa = PBXFileReference; explicitFileType = wrapper.application; includeInIndex = 0; path = "Student App.app"; sourceTree = BUILT_PRODUCTS_DIR; };
		353F346425EEC466003AEC00 /* Info.plist */ = {isa = PBXFileReference; lastKnownFileType = text.plist.xml; path = Info.plist; sourceTree = "<group>"; };
		353F346925EEC466003AEC00 /* Student App.app */ = {isa = PBXFileReference; explicitFileType = wrapper.application; includeInIndex = 0; path = "Student App.app"; sourceTree = BUILT_PRODUCTS_DIR; };
		353F346B25EEC466003AEC00 /* Info.plist */ = {isa = PBXFileReference; lastKnownFileType = text.plist.xml; path = Info.plist; sourceTree = "<group>"; };
		353F346C25EEC466003AEC00 /* macOS.entitlements */ = {isa = PBXFileReference; lastKnownFileType = text.plist.entitlements; path = macOS.entitlements; sourceTree = "<group>"; };
		353F348225EEC80E003AEC00 /* Student.swift */ = {isa = PBXFileReference; lastKnownFileType = sourcecode.swift; path = Student.swift; sourceTree = "<group>"; };
		353F348725EEC84A003AEC00 /* StudentListItem.swift */ = {isa = PBXFileReference; lastKnownFileType = sourcecode.swift; path = StudentListItem.swift; sourceTree = "<group>"; };
		353F349325EF053D003AEC00 /* StudentList.swift */ = {isa = PBXFileReference; lastKnownFileType = sourcecode.swift; path = StudentList.swift; sourceTree = "<group>"; };
		353F349825EF05AF003AEC00 /* StudentData.swift */ = {isa = PBXFileReference; lastKnownFileType = sourcecode.swift; path = StudentData.swift; sourceTree = "<group>"; };
		353F349D25EF05CF003AEC00 /* sImage.swift */ = {isa = PBXFileReference; lastKnownFileType = sourcecode.swift; path = sImage.swift; sourceTree = "<group>"; };
		353F34A225EF05F0003AEC00 /* StudentDetail.swift */ = {isa = PBXFileReference; lastKnownFileType = sourcecode.swift; path = StudentDetail.swift; sourceTree = "<group>"; };
		353F34A725EF0656003AEC00 /* data.json */ = {isa = PBXFileReference; lastKnownFileType = text.json; path = data.json; sourceTree = "<group>"; };
/* End PBXFileReference section */

/* Begin PBXFrameworksBuildPhase section */
		353F345E25EEC466003AEC00 /* Frameworks */ = {
			isa = PBXFrameworksBuildPhase;
			buildActionMask = 2147483647;
			files = (
			);
			runOnlyForDeploymentPostprocessing = 0;
		};
		353F346625EEC466003AEC00 /* Frameworks */ = {
			isa = PBXFrameworksBuildPhase;
			buildActionMask = 2147483647;
			files = (
			);
			runOnlyForDeploymentPostprocessing = 0;
		};
/* End PBXFrameworksBuildPhase section */

/* Begin PBXGroup section */
		353F345425EEC465003AEC00 = {
			isa = PBXGroup;
			children = (
				353F345925EEC465003AEC00 /* Shared */,
				353F346325EEC466003AEC00 /* iOS */,
				353F346A25EEC466003AEC00 /* macOS */,
				353F346225EEC466003AEC00 /* Products */,
			);
			sourceTree = "<group>";
		};
		353F345925EEC465003AEC00 /* Shared */ = {
			isa = PBXGroup;
			children = (
				353F345A25EEC465003AEC00 /* Student_AppApp.swift */,
				353F345B25EEC465003AEC00 /* ContentView.swift */,
				353F349325EF053D003AEC00 /* StudentList.swift */,
				353F348725EEC84A003AEC00 /* StudentListItem.swift */,
				353F348225EEC80E003AEC00 /* Student.swift */,
				353F349825EF05AF003AEC00 /* StudentData.swift */,
				353F349D25EF05CF003AEC00 /* sImage.swift */,
				353F34A225EF05F0003AEC00 /* StudentDetail.swift */,
				353F34A725EF0656003AEC00 /* data.json */,
				353F345C25EEC466003AEC00 /* Assets.xcassets */,
			);
			path = Shared;
			sourceTree = "<group>";
		};
		353F346225EEC466003AEC00 /* Products */ = {
			isa = PBXGroup;
			children = (
				353F346125EEC466003AEC00 /* Student App.app */,
				353F346925EEC466003AEC00 /* Student App.app */,
			);
			name = Products;
			sourceTree = "<group>";
		};
		353F346325EEC466003AEC00 /* iOS */ = {
			isa = PBXGroup;
			children = (
				353F346425EEC466003AEC00 /* Info.plist */,
			);
			path = iOS;
			sourceTree = "<group>";
		};
		353F346A25EEC466003AEC00 /* macOS */ = {
			isa = PBXGroup;
			children = (
				353F346B25EEC466003AEC00 /* Info.plist */,
				353F346C25EEC466003AEC00 /* macOS.entitlements */,
			);
			path = macOS;
			sourceTree = "<group>";
		};
/* End PBXGroup section */

/* Begin PBXNativeTarget section */
		353F346025EEC466003AEC00 /* Student App (iOS) */ = {
			isa = PBXNativeTarget;
			buildConfigurationList = 353F347525EEC466003AEC00 /* Build configuration list for PBXNativeTarget "Student App (iOS)" */;
			buildPhases = (
				353F345D25EEC466003AEC00 /* Sources */,
				353F345E25EEC466003AEC00 /* Frameworks */,
				353F345F25EEC466003AEC00 /* Resources */,
			);
			buildRules = (
			);
			dependencies = (
			);
			name = "Student App (iOS)";
			productName = "Student App (iOS)";
			productReference = 353F346125EEC466003AEC00 /* Student App.app */;
			productType = "com.apple.product-type.application";
		};
		353F346825EEC466003AEC00 /* Student App (macOS) */ = {
			isa = PBXNativeTarget;
			buildConfigurationList = 353F347825EEC466003AEC00 /* Build configuration list for PBXNativeTarget "Student App (macOS)" */;
			buildPhases = (
				353F346525EEC466003AEC00 /* Sources */,
				353F346625EEC466003AEC00 /* Frameworks */,
				353F346725EEC466003AEC00 /* Resources */,
			);
			buildRules = (
			);
			dependencies = (
			);
			name = "Student App (macOS)";
			productName = "Student App (macOS)";
			productReference = 353F346925EEC466003AEC00 /* Student App.app */;
			productType = "com.apple.product-type.application";
		};
/* End PBXNativeTarget section */

/* Begin PBXProject section */
		353F345525EEC465003AEC00 /* Project object */ = {
			isa = PBXProject;
			attributes = {
				LastSwiftUpdateCheck = 1240;
				LastUpgradeCheck = 1240;
				TargetAttributes = {
					353F346025EEC466003AEC00 = {
						CreatedOnToolsVersion = 12.4;
					};
					353F346825EEC466003AEC00 = {
						CreatedOnToolsVersion = 12.4;
					};
				};
			};
			buildConfigurationList = 353F345825EEC465003AEC00 /* Build configuration list for PBXProject "Student App" */;
			compatibilityVersion = "Xcode 9.3";
			developmentRegion = en;
			hasScannedForEncodings = 0;
			knownRegions = (
				en,
				Base,
			);
			mainGroup = 353F345425EEC465003AEC00;
			productRefGroup = 353F346225EEC466003AEC00 /* Products */;
			projectDirPath = "";
			projectRoot = "";
			targets = (
				353F346025EEC466003AEC00 /* Student App (iOS) */,
				353F346825EEC466003AEC00 /* Student App (macOS) */,
			);
		};
/* End PBXProject section */

/* Begin PBXResourcesBuildPhase section */
		353F345F25EEC466003AEC00 /* Resources */ = {
			isa = PBXResourcesBuildPhase;
			buildActionMask = 2147483647;
			files = (
				353F347125EEC466003AEC00 /* Assets.xcassets in Resources */,
				353F34A825EF0656003AEC00 /* data.json in Resources */,
			);
			runOnlyForDeploymentPostprocessing = 0;
		};
		353F346725EEC466003AEC00 /* Resources */ = {
			isa = PBXResourcesBuildPhase;
			buildActionMask = 2147483647;
			files = (
				353F347225EEC466003AEC00 /* Assets.xcassets in Resources */,
				353F34A925EF0656003AEC00 /* data.json in Resources */,
			);
			runOnlyForDeploymentPostprocessing = 0;
		};
/* End PBXResourcesBuildPhase section */

/* Begin PBXSourcesBuildPhase section */
		353F345D25EEC466003AEC00 /* Sources */ = {
			isa = PBXSourcesBuildPhase;
			buildActionMask = 2147483647;
			files = (
				353F346F25EEC466003AEC00 /* ContentView.swift in Sources */,
				353F348325EEC80E003AEC00 /* Student.swift in Sources */,
				353F34A325EF05F0003AEC00 /* StudentDetail.swift in Sources */,
				353F349925EF05AF003AEC00 /* StudentData.swift in Sources */,
				353F348825EEC84A003AEC00 /* StudentListItem.swift in Sources */,
				353F349425EF053D003AEC00 /* StudentList.swift in Sources */,
				353F349E25EF05CF003AEC00 /* sImage.swift in Sources */,
				353F346D25EEC466003AEC00 /* Student_AppApp.swift in Sources */,
			);
			runOnlyForDeploymentPostprocessing = 0;
		};
		353F346525EEC466003AEC00 /* Sources */ = {
			isa = PBXSourcesBuildPhase;
			buildActionMask = 2147483647;
			files = (
				353F347025EEC466003AEC00 /* ContentView.swift in Sources */,
				353F348425EEC80E003AEC00 /* Student.swift in Sources */,
				353F34A425EF05F0003AEC00 /* StudentDetail.swift in Sources */,
				353F349A25EF05AF003AEC00 /* StudentData.swift in Sources */,
				353F348925EEC84A003AEC00 /* StudentListItem.swift in Sources */,
				353F349525EF053D003AEC00 /* StudentList.swift in Sources */,
				353F349F25EF05CF003AEC00 /* sImage.swift in Sources */,
				353F346E25EEC466003AEC00 /* Student_AppApp.swift in Sources */,
			);
			runOnlyForDeploymentPostprocessing = 0;
		};
/* End PBXSourcesBuildPhase section */

/* Begin XCBuildConfiguration section */
		353F347325EEC466003AEC00 /* Debug */ = {
			isa = XCBuildConfiguration;
			buildSettings = {
				ALWAYS_SEARCH_USER_PATHS = NO;
				CLANG_ANALYZER_NONNULL = YES;
				CLANG_ANALYZER_NUMBER_OBJECT_CONVERSION = YES_AGGRESSIVE;
				CLANG_CXX_LANGUAGE_STANDARD = "gnu++14";
				CLANG_CXX_LIBRARY = "libc++";
				CLANG_ENABLE_MODULES = YES;
				CLANG_ENABLE_OBJC_ARC = YES;
				CLANG_ENABLE_OBJC_WEAK = YES;
				CLANG_WARN_BLOCK_CAPTURE_AUTORELEASING = YES;
				CLANG_WARN_BOOL_CONVERSION = YES;
				CLANG_WARN_COMMA = YES;
				CLANG_WARN_CONSTANT_CONVERSION = YES;
				CLANG_WARN_DEPRECATED_OBJC_IMPLEMENTATIONS = YES;
				CLANG_WARN_DIRECT_OBJC_ISA_USAGE = YES_ERROR;
				CLANG_WARN_DOCUMENTATION_COMMENTS = YES;
				CLANG_WARN_EMPTY_BODY = YES;
				CLANG_WARN_ENUM_CONVERSION = YES;
				CLANG_WARN_INFINITE_RECURSION = YES;
				CLANG_WARN_INT_CONVERSION = YES;
				CLANG_WARN_NON_LITERAL_NULL_CONVERSION = YES;
				CLANG_WARN_OBJC_IMPLICIT_RETAIN_SELF = YES;
				CLANG_WARN_OBJC_LITERAL_CONVERSION = YES;
				CLANG_WARN_OBJC_ROOT_CLASS = YES_ERROR;
				CLANG_WARN_QUOTED_INCLUDE_IN_FRAMEWORK_HEADER = YES;
				CLANG_WARN_RANGE_LOOP_ANALYSIS = YES;
				CLANG_WARN_STRICT_PROTOTYPES = YES;
				CLANG_WARN_SUSPICIOUS_MOVE = YES;
				CLANG_WARN_UNGUARDED_AVAILABILITY = YES_AGGRESSIVE;
				CLANG_WARN_UNREACHABLE_CODE = YES;
				CLANG_WARN__DUPLICATE_METHOD_MATCH = YES;
				COPY_PHASE_STRIP = NO;
				DEBUG_INFORMATION_FORMAT = dwarf;
				ENABLE_STRICT_OBJC_MSGSEND = YES;
				ENABLE_TESTABILITY = YES;
				GCC_C_LANGUAGE_STANDARD = gnu11;
				GCC_DYNAMIC_NO_PIC = NO;
				GCC_NO_COMMON_BLOCKS = YES;
				GCC_OPTIMIZATION_LEVEL = 0;
				GCC_PREPROCESSOR_DEFINITIONS = (
					"DEBUG=1",
					"$(inherited)",
				);
				GCC_WARN_64_TO_32_BIT_CONVERSION = YES;
				GCC_WARN_ABOUT_RETURN_TYPE = YES_ERROR;
				GCC_WARN_UNDECLARED_SELECTOR = YES;
				GCC_WARN_UNINITIALIZED_AUTOS = YES_AGGRESSIVE;
				GCC_WARN_UNUSED_FUNCTION = YES;
				GCC_WARN_UNUSED_VARIABLE = YES;
				MTL_ENABLE_DEBUG_INFO = INCLUDE_SOURCE;
				MTL_FAST_MATH = YES;
				ONLY_ACTIVE_ARCH = YES;
				SWIFT_ACTIVE_COMPILATION_CONDITIONS = DEBUG;
				SWIFT_OPTIMIZATION_LEVEL = "-Onone";
			};
			name = Debug;
		};
		353F347425EEC466003AEC00 /* Release */ = {
			isa = XCBuildConfiguration;
			buildSettings = {
				ALWAYS_SEARCH_USER_PATHS = NO;
				CLANG_ANALYZER_NONNULL = YES;
				CLANG_ANALYZER_NUMBER_OBJECT_CONVERSION = YES_AGGRESSIVE;
				CLANG_CXX_LANGUAGE_STANDARD = "gnu++14";
				CLANG_CXX_LIBRARY = "libc++";
				CLANG_ENABLE_MODULES = YES;
				CLANG_ENABLE_OBJC_ARC = YES;
				CLANG_ENABLE_OBJC_WEAK = YES;
				CLANG_WARN_BLOCK_CAPTURE_AUTORELEASING = YES;
				CLANG_WARN_BOOL_CONVERSION = YES;
				CLANG_WARN_COMMA = YES;
				CLANG_WARN_CONSTANT_CONVERSION = YES;
				CLANG_WARN_DEPRECATED_OBJC_IMPLEMENTATIONS = YES;
				CLANG_WARN_DIRECT_OBJC_ISA_USAGE = YES_ERROR;
				CLANG_WARN_DOCUMENTATION_COMMENTS = YES;
				CLANG_WARN_EMPTY_BODY = YES;
				CLANG_WARN_ENUM_CONVERSION = YES;
				CLANG_WARN_INFINITE_RECURSION = YES;
				CLANG_WARN_INT_CONVERSION = YES;
				CLANG_WARN_NON_LITERAL_NULL_CONVERSION = YES;
				CLANG_WARN_OBJC_IMPLICIT_RETAIN_SELF = YES;
				CLANG_WARN_OBJC_LITERAL_CONVERSION = YES;
				CLANG_WARN_OBJC_ROOT_CLASS = YES_ERROR;
				CLANG_WARN_QUOTED_INCLUDE_IN_FRAMEWORK_HEADER = YES;
				CLANG_WARN_RANGE_LOOP_ANALYSIS = YES;
				CLANG_WARN_STRICT_PROTOTYPES = YES;
				CLANG_WARN_SUSPICIOUS_MOVE = YES;
				CLANG_WARN_UNGUARDED_AVAILABILITY = YES_AGGRESSIVE;
				CLANG_WARN_UNREACHABLE_CODE = YES;
				CLANG_WARN__DUPLICATE_METHOD_MATCH = YES;
				COPY_PHASE_STRIP = NO;
				DEBUG_INFORMATION_FORMAT = "dwarf-with-dsym";
				ENABLE_NS_ASSERTIONS = NO;
				ENABLE_STRICT_OBJC_MSGSEND = YES;
				GCC_C_LANGUAGE_STANDARD = gnu11;
				GCC_NO_COMMON_BLOCKS = YES;
				GCC_WARN_64_TO_32_BIT_CONVERSION = YES;
				GCC_WARN_ABOUT_RETURN_TYPE = YES_ERROR;
				GCC_WARN_UNDECLARED_SELECTOR = YES;
				GCC_WARN_UNINITIALIZED_AUTOS = YES_AGGRESSIVE;
				GCC_WARN_UNUSED_FUNCTION = YES;
				GCC_WARN_UNUSED_VARIABLE = YES;
				MTL_ENABLE_DEBUG_INFO = NO;
				MTL_FAST_MATH = YES;
				SWIFT_COMPILATION_MODE = wholemodule;
				SWIFT_OPTIMIZATION_LEVEL = "-O";
			};
			name = Release;
		};
		353F347625EEC466003AEC00 /* Debug */ = {
			isa = XCBuildConfiguration;
			buildSettings = {
				ASSETCATALOG_COMPILER_APPICON_NAME = AppIcon;
				ASSETCATALOG_COMPILER_GLOBAL_ACCENT_COLOR_NAME = AccentColor;
				CODE_SIGN_STYLE = Automatic;
				DEVELOPMENT_TEAM = 9FUV5DP984;
				ENABLE_PREVIEWS = YES;
				INFOPLIST_FILE = iOS/Info.plist;
				IPHONEOS_DEPLOYMENT_TARGET = 14.0;
				LD_RUNPATH_SEARCH_PATHS = (
					"$(inherited)",
					"@executable_path/Frameworks",
				);
				PRODUCT_BUNDLE_IDENTIFIER = "com.Idosho.Student-App";
				PRODUCT_NAME = "Student App";
				SDKROOT = iphoneos;
				SWIFT_VERSION = 5.0;
				TARGETED_DEVICE_FAMILY = "1,2";
			};
			name = Debug;
		};
		353F347725EEC466003AEC00 /* Release */ = {
			isa = XCBuildConfiguration;
			buildSettings = {
				ASSETCATALOG_COMPILER_APPICON_NAME = AppIcon;
				ASSETCATALOG_COMPILER_GLOBAL_ACCENT_COLOR_NAME = AccentColor;
				CODE_SIGN_STYLE = Automatic;
				DEVELOPMENT_TEAM = 9FUV5DP984;
				ENABLE_PREVIEWS = YES;
				INFOPLIST_FILE = iOS/Info.plist;
				IPHONEOS_DEPLOYMENT_TARGET = 14.0;
				LD_RUNPATH_SEARCH_PATHS = (
					"$(inherited)",
					"@executable_path/Frameworks",
				);
				PRODUCT_BUNDLE_IDENTIFIER = "com.Idosho.Student-App";
				PRODUCT_NAME = "Student App";
				SDKROOT = iphoneos;
				SWIFT_VERSION = 5.0;
				TARGETED_DEVICE_FAMILY = "1,2";
				VALIDATE_PRODUCT = YES;
			};
			name = Release;
		};
		353F347925EEC466003AEC00 /* Debug */ = {
			isa = XCBuildConfiguration;
			buildSettings = {
				ASSETCATALOG_COMPILER_APPICON_NAME = AppIcon;
				ASSETCATALOG_COMPILER_GLOBAL_ACCENT_COLOR_NAME = AccentColor;
				CODE_SIGN_ENTITLEMENTS = macOS/macOS.entitlements;
				CODE_SIGN_STYLE = Automatic;
				COMBINE_HIDPI_IMAGES = YES;
				DEVELOPMENT_TEAM = 9FUV5DP984;
				ENABLE_HARDENED_RUNTIME = YES;
				ENABLE_PREVIEWS = YES;
				INFOPLIST_FILE = macOS/Info.plist;
				LD_RUNPATH_SEARCH_PATHS = (
					"$(inherited)",
					"@executable_path/../Frameworks",
				);
				MACOSX_DEPLOYMENT_TARGET = 11.0;
				PRODUCT_BUNDLE_IDENTIFIER = "com.Idosho.Student-App";
				PRODUCT_NAME = "Student App";
				SDKROOT = macosx;
				SWIFT_VERSION = 5.0;
			};
			name = Debug;
		};
		353F347A25EEC466003AEC00 /* Release */ = {
			isa = XCBuildConfiguration;
			buildSettings = {
				ASSETCATALOG_COMPILER_APPICON_NAME = AppIcon;
				ASSETCATALOG_COMPILER_GLOBAL_ACCENT_COLOR_NAME = AccentColor;
				CODE_SIGN_ENTITLEMENTS = macOS/macOS.entitlements;
				CODE_SIGN_STYLE = Automatic;
				COMBINE_HIDPI_IMAGES = YES;
				DEVELOPMENT_TEAM = 9FUV5DP984;
				ENABLE_HARDENED_RUNTIME = YES;
				ENABLE_PREVIEWS = YES;
				INFOPLIST_FILE = macOS/Info.plist;
				LD_RUNPATH_SEARCH_PATHS = (
					"$(inherited)",
					"@executable_path/../Frameworks",
				);
				MACOSX_DEPLOYMENT_TARGET = 11.0;
				PRODUCT_BUNDLE_IDENTIFIER = "com.Idosho.Student-App";
				PRODUCT_NAME = "Student App";
				SDKROOT = macosx;
				SWIFT_VERSION = 5.0;
			};
			name = Release;
		};
/* End XCBuildConfiguration section */

/* Begin XCConfigurationList section */
		353F345825EEC465003AEC00 /* Build configuration list for PBXProject "Student App" */ = {
			isa = XCConfigurationList;
			buildConfigurations = (
				353F347325EEC466003AEC00 /* Debug */,
				353F347425EEC466003AEC00 /* Release */,
			);
			defaultConfigurationIsVisible = 0;
			defaultConfigurationName = Release;
		};
		353F347525EEC466003AEC00 /* Build configuration list for PBXNativeTarget "Student App (iOS)" */ = {
			isa = XCConfigurationList;
			buildConfigurations = (
				353F347625EEC466003AEC00 /* Debug */,
				353F347725EEC466003AEC00 /* Release */,
			);
			defaultConfigurationIsVisible = 0;
			defaultConfigurationName = Release;
		};
		353F347825EEC466003AEC00 /* Build configuration list for PBXNativeTarget "Student App (macOS)" */ = {
			isa = XCConfigurationList;
			buildConfigurations = (
				353F347925EEC466003AEC00 /* Debug */,
				353F347A25EEC466003AEC00 /* Release */,
			);
			defaultConfigurationIsVisible = 0;
			defaultConfigurationName = Release;
		};
/* End XCConfigurationList section */
	};
	rootObject = 353F345525EEC465003AEC00 /* Project object */;
}
